
Microsoft Visual Studio Solution File, Format Version 12.00
# Visual Studio Version 17
VisualStudioVersion = 17.7.34031.279
MinimumVisualStudioVersion = 10.0.40219.1
Project("{FAE04EC0-301F-11D3-BF4B-00C04F79EFBC}") = "RazorPageStudent", "RazorPageStudent\RazorPageStudent.csproj", "{0D5BF6DB-3289-4CB3-9A63-D0D80D96083F}"
EndProject
Global
	GlobalSection(SolutionConfigurationPlatforms) = preSolution
		Debug|Any CPU = Debug|Any CPU
		Release|Any CPU = Release|Any CPU
	EndGlobalSection
	GlobalSection(ProjectConfigurationPlatforms) = postSolution
		{0D5BF6DB-3289-4CB3-9A63-D0D80D96083F}.Debug|Any CPU.ActiveCfg = Debug|Any CPU
		{0D5BF6DB-3289-4CB3-9A63-D0D80D96083F}.Debug|Any CPU.Build.0 = Debug|Any CPU
		{0D5BF6DB-3289-4CB3-9A63-D0D80D96083F}.Release|Any CPU.ActiveCfg = Release|Any CPU
		{0D5BF6DB-3289-4CB3-9A63-D0D80D96083F}.Release|Any CPU.Build.0 = Release|Any CPU
	EndGlobalSection
	GlobalSection(SolutionProperties) = preSolution
		HideSolutionNode = FALSE
	EndGlobalSection
	GlobalSection(ExtensibilityGlobals) = postSolution
		SolutionGuid = {8D67D802-7A7F-4B4C-9520-56A4852B8ABE}
	EndGlobalSection
EndGlobal
